
Microsoft Visual Studio Solution File, Format Version 11.00
# Visual Studio 2010
Project("{FAE04EC0-301F-11D3-BF4B-00C04F79EFBC}") = "FeatherVane", "FeatherVane\FeatherVane.csproj", "{0851B204-7FD1-4EEC-BCB4-B4B78DB2D1A5}"
EndProject
Project("{FAE04EC0-301F-11D3-BF4B-00C04F79EFBC}") = "FeatherVane.Tests", "FeatherVane.Tests\FeatherVane.Tests.csproj", "{99A2CB0C-3176-4151-A9F9-ADDFC70AF74C}"
EndProject
Project("{FAE04EC0-301F-11D3-BF4B-00C04F79EFBC}") = "FeatherVane.Web", "FeatherVane.Web\FeatherVane.Web.csproj", "{F1851622-9293-4FB3-A6B8-CB7F81B06096}"
EndProject
Project("{FAE04EC0-301F-11D3-BF4B-00C04F79EFBC}") = "FeatherVane.Visualizer", "FeatherVane.Visualizer\FeatherVane.Visualizer.csproj", "{F5C8C430-2104-47F1-BF65-44F1F17DD002}"
EndProject
Project("{FAE04EC0-301F-11D3-BF4B-00C04F79EFBC}") = "FeatherVane.NHibernateIntegration", "FeatherVane.NHibernateIntegration\FeatherVane.NHibernateIntegration.csproj", "{39AD5E19-4C1B-4764-A007-25DE3CE9117E}"
EndProject
Global
	GlobalSection(SolutionConfigurationPlatforms) = preSolution
		Debug|Any CPU = Debug|Any CPU
		Release|Any CPU = Release|Any CPU
	EndGlobalSection
	GlobalSection(ProjectConfigurationPlatforms) = postSolution
		{0851B204-7FD1-4EEC-BCB4-B4B78DB2D1A5}.Debug|Any CPU.ActiveCfg = Debug|Any CPU
		{0851B204-7FD1-4EEC-BCB4-B4B78DB2D1A5}.Debug|Any CPU.Build.0 = Debug|Any CPU
		{0851B204-7FD1-4EEC-BCB4-B4B78DB2D1A5}.Release|Any CPU.ActiveCfg = Release|Any CPU
		{0851B204-7FD1-4EEC-BCB4-B4B78DB2D1A5}.Release|Any CPU.Build.0 = Release|Any CPU
		{99A2CB0C-3176-4151-A9F9-ADDFC70AF74C}.Debug|Any CPU.ActiveCfg = Debug|Any CPU
		{99A2CB0C-3176-4151-A9F9-ADDFC70AF74C}.Debug|Any CPU.Build.0 = Debug|Any CPU
		{99A2CB0C-3176-4151-A9F9-ADDFC70AF74C}.Release|Any CPU.ActiveCfg = Release|Any CPU
		{99A2CB0C-3176-4151-A9F9-ADDFC70AF74C}.Release|Any CPU.Build.0 = Release|Any CPU
		{F1851622-9293-4FB3-A6B8-CB7F81B06096}.Debug|Any CPU.ActiveCfg = Debug|Any CPU
		{F1851622-9293-4FB3-A6B8-CB7F81B06096}.Debug|Any CPU.Build.0 = Debug|Any CPU
		{F1851622-9293-4FB3-A6B8-CB7F81B06096}.Release|Any CPU.ActiveCfg = Release|Any CPU
		{F1851622-9293-4FB3-A6B8-CB7F81B06096}.Release|Any CPU.Build.0 = Release|Any CPU
		{F5C8C430-2104-47F1-BF65-44F1F17DD002}.Debug|Any CPU.ActiveCfg = Debug|Any CPU
		{F5C8C430-2104-47F1-BF65-44F1F17DD002}.Debug|Any CPU.Build.0 = Debug|Any CPU
		{F5C8C430-2104-47F1-BF65-44F1F17DD002}.Release|Any CPU.ActiveCfg = Release|Any CPU
		{F5C8C430-2104-47F1-BF65-44F1F17DD002}.Release|Any CPU.Build.0 = Release|Any CPU
		{39AD5E19-4C1B-4764-A007-25DE3CE9117E}.Debug|Any CPU.ActiveCfg = Debug|Any CPU
		{39AD5E19-4C1B-4764-A007-25DE3CE9117E}.Debug|Any CPU.Build.0 = Debug|Any CPU
		{39AD5E19-4C1B-4764-A007-25DE3CE9117E}.Release|Any CPU.ActiveCfg = Release|Any CPU
		{39AD5E19-4C1B-4764-A007-25DE3CE9117E}.Release|Any CPU.Build.0 = Release|Any CPU
	EndGlobalSection
	GlobalSection(SolutionProperties) = preSolution
		HideSolutionNode = FALSE
	EndGlobalSection
EndGlobal
